
Microsoft Visual Studio Solution File, Format Version 12.00
# Visual Studio 15
VisualStudioVersion = 15.0.26403.7
MinimumVisualStudioVersion = 10.0.40219.1
Project("{FAE04EC0-301F-11D3-BF4B-00C04F79EFBC}") = "SyncPrototype", "SyncPrototype\SyncPrototype.csproj", "{FD572A69-8DA6-4000-9768-9729701F57FB}"
EndProject
Project("{00D1A9C2-B5F0-4AF3-8072-F6C62B433612}") = "Database", "Database\Database.sqlproj", "{0B1D5B53-2A56-4B5D-B1F3-0EF5D96B0B6B}"
EndProject
Global
	GlobalSection(SolutionConfigurationPlatforms) = preSolution
		Debug|Any CPU = Debug|Any CPU
		Release|Any CPU = Release|Any CPU
	EndGlobalSection
	GlobalSection(ProjectConfigurationPlatforms) = postSolution
		{FD572A69-8DA6-4000-9768-9729701F57FB}.Debug|Any CPU.ActiveCfg = Debug|Any CPU
		{FD572A69-8DA6-4000-9768-9729701F57FB}.Debug|Any CPU.Build.0 = Debug|Any CPU
		{FD572A69-8DA6-4000-9768-9729701F57FB}.Release|Any CPU.ActiveCfg = Release|Any CPU
		{FD572A69-8DA6-4000-9768-9729701F57FB}.Release|Any CPU.Build.0 = Release|Any CPU
		{0B1D5B53-2A56-4B5D-B1F3-0EF5D96B0B6B}.Debug|Any CPU.ActiveCfg = Debug|Any CPU
		{0B1D5B53-2A56-4B5D-B1F3-0EF5D96B0B6B}.Debug|Any CPU.Build.0 = Debug|Any CPU
		{0B1D5B53-2A56-4B5D-B1F3-0EF5D96B0B6B}.Debug|Any CPU.Deploy.0 = Debug|Any CPU
		{0B1D5B53-2A56-4B5D-B1F3-0EF5D96B0B6B}.Release|Any CPU.ActiveCfg = Release|Any CPU
		{0B1D5B53-2A56-4B5D-B1F3-0EF5D96B0B6B}.Release|Any CPU.Build.0 = Release|Any CPU
		{0B1D5B53-2A56-4B5D-B1F3-0EF5D96B0B6B}.Release|Any CPU.Deploy.0 = Release|Any CPU
	EndGlobalSection
	GlobalSection(SolutionProperties) = preSolution
		HideSolutionNode = FALSE
	EndGlobalSection
EndGlobal
